
Microsoft Visual Studio Solution File, Format Version 12.00
# Visual Studio Version 17
VisualStudioVersion = 17.0.32014.148
MinimumVisualStudioVersion = 10.0.40219.1
Project("{FAE04EC0-301F-11D3-BF4B-00C04F79EFBC}") = "Webapp", "Webapp\Webapp.csproj", "{A61EE041-FB98-4897-886D-ADDA7DEB408D}"
EndProject
Global
	GlobalSection(SolutionConfigurationPlatforms) = preSolution
		Debug|Any CPU = Debug|Any CPU
		Release|Any CPU = Release|Any CPU
	EndGlobalSection
	GlobalSection(ProjectConfigurationPlatforms) = postSolution
		{A61EE041-FB98-4897-886D-ADDA7DEB408D}.Debug|Any CPU.ActiveCfg = Debug|Any CPU
		{A61EE041-FB98-4897-886D-ADDA7DEB408D}.Debug|Any CPU.Build.0 = Debug|Any CPU
		{A61EE041-FB98-4897-886D-ADDA7DEB408D}.Release|Any CPU.ActiveCfg = Release|Any CPU
		{A61EE041-FB98-4897-886D-ADDA7DEB408D}.Release|Any CPU.Build.0 = Release|Any CPU
	EndGlobalSection
	GlobalSection(SolutionProperties) = preSolution
		HideSolutionNode = FALSE
	EndGlobalSection
	GlobalSection(ExtensibilityGlobals) = postSolution
		SolutionGuid = {572D3044-7B2E-4BAD-9ACF-45A45F6365DD}
	EndGlobalSection
EndGlobal
